// !$*UTF8*$!
{
	archiveVersion = 1;
	classes = {
	};
	objectVersion = 50;
	objects = {

/* Begin PBXBuildFile section */
		79A2BC9E256D7073002CF878 /* memp.c in Sources */ = {isa = PBXBuildFile; fileRef = 79A2BBEE256D7071002CF878 /* memp.c */; };
		79A2BC9F256D7073002CF878 /* sys.c in Sources */ = {isa = PBXBuildFile; fileRef = 79A2BBEF256D7071002CF878 /* sys.c */; };
		79A2BCA0256D7073002CF878 /* inet_chksum.c in Sources */ = {isa = PBXBuildFile; fileRef = 79A2BBF0256D7071002CF878 /* inet_chksum.c */; };
		79A2BCA1256D7073002CF878 /* raw.c in Sources */ = {isa = PBXBuildFile; fileRef = 79A2BBF1256D7071002CF878 /* raw.c */; };
		79A2BCA2256D7073002CF878 /* tcp_out.c in Sources */ = {isa = PBXBuildFile; fileRef = 79A2BBF2256D7071002CF878 /* tcp_out.c */; };
		79A2BCA3256D7073002CF878 /* ip.c in Sources */ = {isa = PBXBuildFile; fileRef = 79A2BBF3256D7071002CF878 /* ip.c */; };
		79A2BCA4256D7073002CF878 /* dns.c in Sources */ = {isa = PBXBuildFile; fileRef = 79A2BBF4256D7071002CF878 /* dns.c */; };
		79A2BCA5256D7073002CF878 /* init.c in Sources */ = {isa = PBXBuildFile; fileRef = 79A2BBF5256D7071002CF878 /* init.c */; };
		79A2BCA6256D7073002CF878 /* mem.c in Sources */ = {isa = PBXBuildFile; fileRef = 79A2BBF6256D7071002CF878 /* mem.c */; };
		79A2BCA7256D7073002CF878 /* def.c in Sources */ = {isa = PBXBuildFile; fileRef = 79A2BBF7256D7071002CF878 /* def.c */; };
		79A2BCA8256D7073002CF878 /* udp.c in Sources */ = {isa = PBXBuildFile; fileRef = 79A2BBF8256D7071002CF878 /* udp.c */; };
		79A2BCA9256D7073002CF878 /* stats.c in Sources */ = {isa = PBXBuildFile; fileRef = 79A2BBF9256D7071002CF878 /* stats.c */; };
		79A2BCAA256D7073002CF878 /* tcp_in.c in Sources */ = {isa = PBXBuildFile; fileRef = 79A2BBFA256D7071002CF878 /* tcp_in.c */; };
		79A2BCAB256D7073002CF878 /* autoip.c in Sources */ = {isa = PBXBuildFile; fileRef = 79A2BBFC256D7071002CF878 /* autoip.c */; };
		79A2BCAC256D7073002CF878 /* dhcp.c in Sources */ = {isa = PBXBuildFile; fileRef = 79A2BBFD256D7071002CF878 /* dhcp.c */; };
		79A2BCAD256D7073002CF878 /* igmp.c in Sources */ = {isa = PBXBuildFile; fileRef = 79A2BBFE256D7071002CF878 /* igmp.c */; };
		79A2BCAE256D7073002CF878 /* etharp.c in Sources */ = {isa = PBXBuildFile; fileRef = 79A2BBFF256D7071002CF878 /* etharp.c */; };
		79A2BCAF256D7073002CF878 /* icmp.c in Sources */ = {isa = PBXBuildFile; fileRef = 79A2BC00256D7071002CF878 /* icmp.c */; };
		79A2BCB0256D7073002CF878 /* ip4.c in Sources */ = {isa = PBXBuildFile; fileRef = 79A2BC01256D7071002CF878 /* ip4.c */; };
		79A2BCB1256D7073002CF878 /* ip4_frag.c in Sources */ = {isa = PBXBuildFile; fileRef = 79A2BC02256D7071002CF878 /* ip4_frag.c */; };
		79A2BCB2256D7073002CF878 /* ip4_addr.c in Sources */ = {isa = PBXBuildFile; fileRef = 79A2BC03256D7071002CF878 /* ip4_addr.c */; };
		79A2BCB3256D7073002CF878 /* netif.c in Sources */ = {isa = PBXBuildFile; fileRef = 79A2BC04256D7071002CF878 /* netif.c */; };
		79A2BCB4256D7073002CF878 /* tcp.c in Sources */ = {isa = PBXBuildFile; fileRef = 79A2BC05256D7071002CF878 /* tcp.c */; };
		79A2BCB5256D7073002CF878 /* pbuf.c in Sources */ = {isa = PBXBuildFile; fileRef = 79A2BC06256D7071002CF878 /* pbuf.c */; };
		79A2BCB6256D7073002CF878 /* timeouts.c in Sources */ = {isa = PBXBuildFile; fileRef = 79A2BC07256D7071002CF878 /* timeouts.c */; };
		79A2BCB7256D7073002CF878 /* ip6.c in Sources */ = {isa = PBXBuildFile; fileRef = 79A2BC09256D7071002CF878 /* ip6.c */; };
		79A2BCB8256D7073002CF878 /* icmp6.c in Sources */ = {isa = PBXBuildFile; fileRef = 79A2BC0A256D7071002CF878 /* icmp6.c */; };
		79A2BCB9256D7073002CF878 /* mld6.c in Sources */ = {isa = PBXBuildFile; fileRef = 79A2BC0B256D7071002CF878 /* mld6.c */; };
		79A2BCBA256D7073002CF878 /* dhcp6.c in Sources */ = {isa = PBXBuildFile; fileRef = 79A2BC0C256D7071002CF878 /* dhcp6.c */; };
		79A2BCBB256D7073002CF878 /* ethip6.c in Sources */ = {isa = PBXBuildFile; fileRef = 79A2BC0D256D7071002CF878 /* ethip6.c */; };
		79A2BCBC256D7073002CF878 /* nd6.c in Sources */ = {isa = PBXBuildFile; fileRef = 79A2BC0E256D7071002CF878 /* nd6.c */; };
		79A2BCBD256D7073002CF878 /* inet6.c in Sources */ = {isa = PBXBuildFile; fileRef = 79A2BC0F256D7071002CF878 /* inet6.c */; };
		79A2BCBE256D7073002CF878 /* ip6_addr.c in Sources */ = {isa = PBXBuildFile; fileRef = 79A2BC10256D7071002CF878 /* ip6_addr.c */; };
		79A2BCBF256D7073002CF878 /* ip6_frag.c in Sources */ = {isa = PBXBuildFile; fileRef = 79A2BC11256D7071002CF878 /* ip6_frag.c */; };
/* End PBXBuildFile section */

/* Begin PBXCopyFilesBuildPhase section */
		79A2BBDC256D7012002CF878 /* CopyFiles */ = {
			isa = PBXCopyFilesBuildPhase;
			buildActionMask = 2147483647;
			dstPath = "include/$(PRODUCT_NAME)";
			dstSubfolderSpec = 16;
			files = (
			);
			runOnlyForDeploymentPostprocessing = 0;
		};
/* End PBXCopyFilesBuildPhase section */

/* Begin PBXFileReference section */
		79A2BBDE256D7012002CF878 /* liblwip.a */ = {isa = PBXFileReference; explicitFileType = archive.ar; includeInIndex = 0; path = liblwip.a; sourceTree = BUILT_PRODUCTS_DIR; };
		79A2BBEE256D7071002CF878 /* memp.c */ = {isa = PBXFileReference; fileEncoding = 4; lastKnownFileType = sourcecode.c.c; path = memp.c; sourceTree = "<group>"; };
		79A2BBEF256D7071002CF878 /* sys.c */ = {isa = PBXFileReference; fileEncoding = 4; lastKnownFileType = sourcecode.c.c; path = sys.c; sourceTree = "<group>"; };
		79A2BBF0256D7071002CF878 /* inet_chksum.c */ = {isa = PBXFileReference; fileEncoding = 4; lastKnownFileType = sourcecode.c.c; path = inet_chksum.c; sourceTree = "<group>"; };
		79A2BBF1256D7071002CF878 /* raw.c */ = {isa = PBXFileReference; fileEncoding = 4; lastKnownFileType = sourcecode.c.c; path = raw.c; sourceTree = "<group>"; };
		79A2BBF2256D7071002CF878 /* tcp_out.c */ = {isa = PBXFileReference; fileEncoding = 4; lastKnownFileType = sourcecode.c.c; path = tcp_out.c; sourceTree = "<group>"; };
		79A2BBF3256D7071002CF878 /* ip.c */ = {isa = PBXFileReference; fileEncoding = 4; lastKnownFileType = sourcecode.c.c; path = ip.c; sourceTree = "<group>"; };
		79A2BBF4256D7071002CF878 /* dns.c */ = {isa = PBXFileReference; fileEncoding = 4; lastKnownFileType = sourcecode.c.c; path = dns.c; sourceTree = "<group>"; };
		79A2BBF5256D7071002CF878 /* init.c */ = {isa = PBXFileReference; fileEncoding = 4; lastKnownFileType = sourcecode.c.c; path = init.c; sourceTree = "<group>"; };
		79A2BBF6256D7071002CF878 /* mem.c */ = {isa = PBXFileReference; fileEncoding = 4; lastKnownFileType = sourcecode.c.c; path = mem.c; sourceTree = "<group>"; };
		79A2BBF7256D7071002CF878 /* def.c */ = {isa = PBXFileReference; fileEncoding = 4; lastKnownFileType = sourcecode.c.c; path = def.c; sourceTree = "<group>"; };
		79A2BBF8256D7071002CF878 /* udp.c */ = {isa = PBXFileReference; fileEncoding = 4; lastKnownFileType = sourcecode.c.c; path = udp.c; sourceTree = "<group>"; };
		79A2BBF9256D7071002CF878 /* stats.c */ = {isa = PBXFileReference; fileEncoding = 4; lastKnownFileType = sourcecode.c.c; path = stats.c; sourceTree = "<group>"; };
		79A2BBFA256D7071002CF878 /* tcp_in.c */ = {isa = PBXFileReference; fileEncoding = 4; lastKnownFileType = sourcecode.c.c; path = tcp_in.c; sourceTree = "<group>"; };
		79A2BBFC256D7071002CF878 /* autoip.c */ = {isa = PBXFileReference; fileEncoding = 4; lastKnownFileType = sourcecode.c.c; path = autoip.c; sourceTree = "<group>"; };
		79A2BBFD256D7071002CF878 /* dhcp.c */ = {isa = PBXFileReference; fileEncoding = 4; lastKnownFileType = sourcecode.c.c; path = dhcp.c; sourceTree = "<group>"; };
		79A2BBFE256D7071002CF878 /* igmp.c */ = {isa = PBXFileReference; fileEncoding = 4; lastKnownFileType = sourcecode.c.c; path = igmp.c; sourceTree = "<group>"; };
		79A2BBFF256D7071002CF878 /* etharp.c */ = {isa = PBXFileReference; fileEncoding = 4; lastKnownFileType = sourcecode.c.c; path = etharp.c; sourceTree = "<group>"; };
		79A2BC00256D7071002CF878 /* icmp.c */ = {isa = PBXFileReference; fileEncoding = 4; lastKnownFileType = sourcecode.c.c; path = icmp.c; sourceTree = "<group>"; };
		79A2BC01256D7071002CF878 /* ip4.c */ = {isa = PBXFileReference; fileEncoding = 4; lastKnownFileType = sourcecode.c.c; path = ip4.c; sourceTree = "<group>"; };
		79A2BC02256D7071002CF878 /* ip4_frag.c */ = {isa = PBXFileReference; fileEncoding = 4; lastKnownFileType = sourcecode.c.c; path = ip4_frag.c; sourceTree = "<group>"; };
		79A2BC03256D7071002CF878 /* ip4_addr.c */ = {isa = PBXFileReference; fileEncoding = 4; lastKnownFileType = sourcecode.c.c; path = ip4_addr.c; sourceTree = "<group>"; };
		79A2BC04256D7071002CF878 /* netif.c */ = {isa = PBXFileReference; fileEncoding = 4; lastKnownFileType = sourcecode.c.c; path = netif.c; sourceTree = "<group>"; };
		79A2BC05256D7071002CF878 /* tcp.c */ = {isa = PBXFileReference; fileEncoding = 4; lastKnownFileType = sourcecode.c.c; path = tcp.c; sourceTree = "<group>"; };
		79A2BC06256D7071002CF878 /* pbuf.c */ = {isa = PBXFileReference; fileEncoding = 4; lastKnownFileType = sourcecode.c.c; path = pbuf.c; sourceTree = "<group>"; };
		79A2BC07256D7071002CF878 /* timeouts.c */ = {isa = PBXFileReference; fileEncoding = 4; lastKnownFileType = sourcecode.c.c; path = timeouts.c; sourceTree = "<group>"; };
		79A2BC09256D7071002CF878 /* ip6.c */ = {isa = PBXFileReference; fileEncoding = 4; lastKnownFileType = sourcecode.c.c; path = ip6.c; sourceTree = "<group>"; };
		79A2BC0A256D7071002CF878 /* icmp6.c */ = {isa = PBXFileReference; fileEncoding = 4; lastKnownFileType = sourcecode.c.c; path = icmp6.c; sourceTree = "<group>"; };
		79A2BC0B256D7071002CF878 /* mld6.c */ = {isa = PBXFileReference; fileEncoding = 4; lastKnownFileType = sourcecode.c.c; path = mld6.c; sourceTree = "<group>"; };
		79A2BC0C256D7071002CF878 /* dhcp6.c */ = {isa = PBXFileReference; fileEncoding = 4; lastKnownFileType = sourcecode.c.c; path = dhcp6.c; sourceTree = "<group>"; };
		79A2BC0D256D7071002CF878 /* ethip6.c */ = {isa = PBXFileReference; fileEncoding = 4; lastKnownFileType = sourcecode.c.c; path = ethip6.c; sourceTree = "<group>"; };
		79A2BC0E256D7071002CF878 /* nd6.c */ = {isa = PBXFileReference; fileEncoding = 4; lastKnownFileType = sourcecode.c.c; path = nd6.c; sourceTree = "<group>"; };
		79A2BC0F256D7071002CF878 /* inet6.c */ = {isa = PBXFileReference; fileEncoding = 4; lastKnownFileType = sourcecode.c.c; path = inet6.c; sourceTree = "<group>"; };
		79A2BC10256D7071002CF878 /* ip6_addr.c */ = {isa = PBXFileReference; fileEncoding = 4; lastKnownFileType = sourcecode.c.c; path = ip6_addr.c; sourceTree = "<group>"; };
		79A2BC11256D7071002CF878 /* ip6_frag.c */ = {isa = PBXFileReference; fileEncoding = 4; lastKnownFileType = sourcecode.c.c; path = ip6_frag.c; sourceTree = "<group>"; };
		79A2BC15256D7071002CF878 /* socket.h */ = {isa = PBXFileReference; fileEncoding = 4; lastKnownFileType = sourcecode.c.h; path = socket.h; sourceTree = "<group>"; };
		79A2BC16256D7071002CF878 /* netdb.h */ = {isa = PBXFileReference; fileEncoding = 4; lastKnownFileType = sourcecode.c.h; path = netdb.h; sourceTree = "<group>"; };
		79A2BC17256D7071002CF878 /* errno.h */ = {isa = PBXFileReference; fileEncoding = 4; lastKnownFileType = sourcecode.c.h; path = errno.h; sourceTree = "<group>"; };
		79A2BC19256D7071002CF878 /* pbuf.h */ = {isa = PBXFileReference; fileEncoding = 4; lastKnownFileType = sourcecode.c.h; path = pbuf.h; sourceTree = "<group>"; };
		79A2BC1A256D7071002CF878 /* tcp.h */ = {isa = PBXFileReference; fileEncoding = 4; lastKnownFileType = sourcecode.c.h; path = tcp.h; sourceTree = "<group>"; };
		79A2BC1B256D7071002CF878 /* nd6.h */ = {isa = PBXFileReference; fileEncoding = 4; lastKnownFileType = sourcecode.c.h; path = nd6.h; sourceTree = "<group>"; };
		79A2BC1C256D7071002CF878 /* err.h */ = {isa = PBXFileReference; fileEncoding = 4; lastKnownFileType = sourcecode.c.h; path = err.h; sourceTree = "<group>"; };
		79A2BC1D256D7071002CF878 /* etharp.h */ = {isa = PBXFileReference; fileEncoding = 4; lastKnownFileType = sourcecode.c.h; path = etharp.h; sourceTree = "<group>"; };
		79A2BC1E256D7071002CF878 /* igmp.h */ = {isa = PBXFileReference; fileEncoding = 4; lastKnownFileType = sourcecode.c.h; path = igmp.h; sourceTree = "<group>"; };
		79A2BC1F256D7071002CF878 /* netif.h */ = {isa = PBXFileReference; fileEncoding = 4; lastKnownFileType = sourcecode.c.h; path = netif.h; sourceTree = "<group>"; };
		79A2BC20256D7071002CF878 /* sio.h */ = {isa = PBXFileReference; fileEncoding = 4; lastKnownFileType = sourcecode.c.h; path = sio.h; sourceTree = "<group>"; };
		79A2BC21256D7071002CF878 /* debug.h */ = {isa = PBXFileReference; fileEncoding = 4; lastKnownFileType = sourcecode.c.h; path = debug.h; sourceTree = "<group>"; };
		79A2BC22256D7071002CF878 /* ethip6.h */ = {isa = PBXFileReference; fileEncoding = 4; lastKnownFileType = sourcecode.c.h; path = ethip6.h; sourceTree = "<group>"; };
		79A2BC23256D7071002CF878 /* tcpip.h */ = {isa = PBXFileReference; fileEncoding = 4; lastKnownFileType = sourcecode.c.h; path = tcpip.h; sourceTree = "<group>"; };
		79A2BC24256D7071002CF878 /* ip4.h */ = {isa = PBXFileReference; fileEncoding = 4; lastKnownFileType = sourcecode.c.h; path = ip4.h; sourceTree = "<group>"; };
		79A2BC25256D7071002CF878 /* icmp.h */ = {isa = PBXFileReference; fileEncoding = 4; lastKnownFileType = sourcecode.c.h; path = icmp.h; sourceTree = "<group>"; };
		79A2BC26256D7071002CF878 /* timeouts.h */ = {isa = PBXFileReference; fileEncoding = 4; lastKnownFileType = sourcecode.c.h; path = timeouts.h; sourceTree = "<group>"; };
		79A2BC27256D7071002CF878 /* snmp.h */ = {isa = PBXFileReference; fileEncoding = 4; lastKnownFileType = sourcecode.c.h; path = snmp.h; sourceTree = "<group>"; };
		79A2BC28256D7071002CF878 /* ip4_frag.h */ = {isa = PBXFileReference; fileEncoding = 4; lastKnownFileType = sourcecode.c.h; path = ip4_frag.h; sourceTree = "<group>"; };
		79A2BC29256D7071002CF878 /* ip6_addr.h */ = {isa = PBXFileReference; fileEncoding = 4; lastKnownFileType = sourcecode.c.h; path = ip6_addr.h; sourceTree = "<group>"; };
		79A2BC2A256D7071002CF878 /* netifapi.h */ = {isa = PBXFileReference; fileEncoding = 4; lastKnownFileType = sourcecode.c.h; path = netifapi.h; sourceTree = "<group>"; };
		79A2BC2B256D7071002CF878 /* inet.h */ = {isa = PBXFileReference; fileEncoding = 4; lastKnownFileType = sourcecode.c.h; path = inet.h; sourceTree = "<group>"; };
		79A2BC2C256D7071002CF878 /* ip6_frag.h */ = {isa = PBXFileReference; fileEncoding = 4; lastKnownFileType = sourcecode.c.h; path = ip6_frag.h; sourceTree = "<group>"; };
		79A2BC2D256D7071002CF878 /* ip4_addr.h */ = {isa = PBXFileReference; fileEncoding = 4; lastKnownFileType = sourcecode.c.h; path = ip4_addr.h; sourceTree = "<group>"; };
		79A2BC2E256D7071002CF878 /* netbuf.h */ = {isa = PBXFileReference; fileEncoding = 4; lastKnownFileType = sourcecode.c.h; path = netbuf.h; sourceTree = "<group>"; };
		79A2BC2F256D7071002CF878 /* api.h */ = {isa = PBXFileReference; fileEncoding = 4; lastKnownFileType = sourcecode.c.h; path = api.h; sourceTree = "<group>"; };
		79A2BC30256D7071002CF878 /* dhcp.h */ = {isa = PBXFileReference; fileEncoding = 4; lastKnownFileType = sourcecode.c.h; path = dhcp.h; sourceTree = "<group>"; };
		79A2BC31256D7071002CF878 /* autoip.h */ = {isa = PBXFileReference; fileEncoding = 4; lastKnownFileType = sourcecode.c.h; path = autoip.h; sourceTree = "<group>"; };
		79A2BC32256D7071002CF878 /* memp.h */ = {isa = PBXFileReference; fileEncoding = 4; lastKnownFileType = sourcecode.c.h; path = memp.h; sourceTree = "<group>"; };
		79A2BC34256D7071002CF878 /* tcp.h */ = {isa = PBXFileReference; fileEncoding = 4; lastKnownFileType = sourcecode.c.h; path = tcp.h; sourceTree = "<group>"; };
		79A2BC35256D7071002CF878 /* nd6.h */ = {isa = PBXFileReference; fileEncoding = 4; lastKnownFileType = sourcecode.c.h; path = nd6.h; sourceTree = "<group>"; };
		79A2BC36256D7072002CF878 /* etharp.h */ = {isa = PBXFileReference; fileEncoding = 4; lastKnownFileType = sourcecode.c.h; path = etharp.h; sourceTree = "<group>"; };
		79A2BC37256D7072002CF878 /* igmp.h */ = {isa = PBXFileReference; fileEncoding = 4; lastKnownFileType = sourcecode.c.h; path = igmp.h; sourceTree = "<group>"; };
		79A2BC38256D7072002CF878 /* ip4.h */ = {isa = PBXFileReference; fileEncoding = 4; lastKnownFileType = sourcecode.c.h; path = ip4.h; sourceTree = "<group>"; };
		79A2BC39256D7072002CF878 /* icmp.h */ = {isa = PBXFileReference; fileEncoding = 4; lastKnownFileType = sourcecode.c.h; path = icmp.h; sourceTree = "<group>"; };
		79A2BC3A256D7072002CF878 /* ethernet.h */ = {isa = PBXFileReference; fileEncoding = 4; lastKnownFileType = sourcecode.c.h; path = ethernet.h; sourceTree = "<group>"; };
		79A2BC3B256D7072002CF878 /* dhcp.h */ = {isa = PBXFileReference; fileEncoding = 4; lastKnownFileType = sourcecode.c.h; path = dhcp.h; sourceTree = "<group>"; };
		79A2BC3C256D7072002CF878 /* autoip.h */ = {isa = PBXFileReference; fileEncoding = 4; lastKnownFileType = sourcecode.c.h; path = autoip.h; sourceTree = "<group>"; };
		79A2BC3D256D7072002CF878 /* ip6.h */ = {isa = PBXFileReference; fileEncoding = 4; lastKnownFileType = sourcecode.c.h; path = ip6.h; sourceTree = "<group>"; };
		79A2BC3E256D7072002CF878 /* dns.h */ = {isa = PBXFileReference; fileEncoding = 4; lastKnownFileType = sourcecode.c.h; path = dns.h; sourceTree = "<group>"; };
		79A2BC3F256D7072002CF878 /* icmp6.h */ = {isa = PBXFileReference; fileEncoding = 4; lastKnownFileType = sourcecode.c.h; path = icmp6.h; sourceTree = "<group>"; };
		79A2BC40256D7072002CF878 /* ip.h */ = {isa = PBXFileReference; fileEncoding = 4; lastKnownFileType = sourcecode.c.h; path = ip.h; sourceTree = "<group>"; };
		79A2BC41256D7072002CF878 /* udp.h */ = {isa = PBXFileReference; fileEncoding = 4; lastKnownFileType = sourcecode.c.h; path = udp.h; sourceTree = "<group>"; };
		79A2BC42256D7072002CF878 /* mld6.h */ = {isa = PBXFileReference; fileEncoding = 4; lastKnownFileType = sourcecode.c.h; path = mld6.h; sourceTree = "<group>"; };
		79A2BC43256D7072002CF878 /* sockets.h */ = {isa = PBXFileReference; fileEncoding = 4; lastKnownFileType = sourcecode.c.h; path = sockets.h; sourceTree = "<group>"; };
		79A2BC45256D7072002CF878 /* tcpip_priv.h */ = {isa = PBXFileReference; fileEncoding = 4; lastKnownFileType = sourcecode.c.h; path = tcpip_priv.h; sourceTree = "<group>"; };
		79A2BC46256D7072002CF878 /* nd6_priv.h */ = {isa = PBXFileReference; fileEncoding = 4; lastKnownFileType = sourcecode.c.h; path = nd6_priv.h; sourceTree = "<group>"; };
		79A2BC47256D7072002CF878 /* api_msg.h */ = {isa = PBXFileReference; fileEncoding = 4; lastKnownFileType = sourcecode.c.h; path = api_msg.h; sourceTree = "<group>"; };
		79A2BC48256D7072002CF878 /* tcp_priv.h */ = {isa = PBXFileReference; fileEncoding = 4; lastKnownFileType = sourcecode.c.h; path = tcp_priv.h; sourceTree = "<group>"; };
		79A2BC49256D7072002CF878 /* memp_priv.h */ = {isa = PBXFileReference; fileEncoding = 4; lastKnownFileType = sourcecode.c.h; path = memp_priv.h; sourceTree = "<group>"; };
		79A2BC4A256D7072002CF878 /* memp_std.h */ = {isa = PBXFileReference; fileEncoding = 4; lastKnownFileType = sourcecode.c.h; path = memp_std.h; sourceTree = "<group>"; };
		79A2BC4B256D7072002CF878 /* ip_addr.h */ = {isa = PBXFileReference; fileEncoding = 4; lastKnownFileType = sourcecode.c.h; path = ip_addr.h; sourceTree = "<group>"; };
		79A2BC4C256D7072002CF878 /* opt.h */ = {isa = PBXFileReference; fileEncoding = 4; lastKnownFileType = sourcecode.c.h; path = opt.h; sourceTree = "<group>"; };
		79A2BC4D256D7072002CF878 /* inet_chksum.h */ = {isa = PBXFileReference; fileEncoding = 4; lastKnownFileType = sourcecode.c.h; path = inet_chksum.h; sourceTree = "<group>"; };
		79A2BC4E256D7072002CF878 /* raw.h */ = {isa = PBXFileReference; fileEncoding = 4; lastKnownFileType = sourcecode.c.h; path = raw.h; sourceTree = "<group>"; };
		79A2BC4F256D7072002CF878 /* ip6.h */ = {isa = PBXFileReference; fileEncoding = 4; lastKnownFileType = sourcecode.c.h; path = ip6.h; sourceTree = "<group>"; };
		79A2BC50256D7072002CF878 /* sys.h */ = {isa = PBXFileReference; fileEncoding = 4; lastKnownFileType = sourcecode.c.h; path = sys.h; sourceTree = "<group>"; };
		79A2BC51256D7072002CF878 /* netdb.h */ = {isa = PBXFileReference; fileEncoding = 4; lastKnownFileType = sourcecode.c.h; path = netdb.h; sourceTree = "<group>"; };
		79A2BC52256D7072002CF878 /* errno.h */ = {isa = PBXFileReference; fileEncoding = 4; lastKnownFileType = sourcecode.c.h; path = errno.h; sourceTree = "<group>"; };
		79A2BC53256D7072002CF878 /* def.h */ = {isa = PBXFileReference; fileEncoding = 4; lastKnownFileType = sourcecode.c.h; path = def.h; sourceTree = "<group>"; };
		79A2BC54256D7072002CF878 /* mem.h */ = {isa = PBXFileReference; fileEncoding = 4; lastKnownFileType = sourcecode.c.h; path = mem.h; sourceTree = "<group>"; };
		79A2BC55256D7072002CF878 /* dns.h */ = {isa = PBXFileReference; fileEncoding = 4; lastKnownFileType = sourcecode.c.h; path = dns.h; sourceTree = "<group>"; };
		79A2BC56256D7072002CF878 /* icmp6.h */ = {isa = PBXFileReference; fileEncoding = 4; lastKnownFileType = sourcecode.c.h; path = icmp6.h; sourceTree = "<group>"; };
		79A2BC57256D7072002CF878 /* ip.h */ = {isa = PBXFileReference; fileEncoding = 4; lastKnownFileType = sourcecode.c.h; path = ip.h; sourceTree = "<group>"; };
		79A2BC58256D7072002CF878 /* init.h */ = {isa = PBXFileReference; fileEncoding = 4; lastKnownFileType = sourcecode.c.h; path = init.h; sourceTree = "<group>"; };
		79A2BC59256D7072002CF878 /* dhcp6.h */ = {isa = PBXFileReference; fileEncoding = 4; lastKnownFileType = sourcecode.c.h; path = dhcp6.h; sourceTree = "<group>"; };
		79A2BC5B256D7072002CF878 /* sntp.h */ = {isa = PBXFileReference; fileEncoding = 4; lastKnownFileType = sourcecode.c.h; path = sntp.h; sourceTree = "<group>"; };
		79A2BC5C256D7072002CF878 /* snmp_opts.h */ = {isa = PBXFileReference; fileEncoding = 4; lastKnownFileType = sourcecode.c.h; path = snmp_opts.h; sourceTree = "<group>"; };
		79A2BC5D256D7072002CF878 /* httpd.h */ = {isa = PBXFileReference; fileEncoding = 4; lastKnownFileType = sourcecode.c.h; path = httpd.h; sourceTree = "<group>"; };
		79A2BC5E256D7072002CF878 /* snmp_scalar.h */ = {isa = PBXFileReference; fileEncoding = 4; lastKnownFileType = sourcecode.c.h; path = snmp_scalar.h; sourceTree = "<group>"; };
		79A2BC5F256D7072002CF878 /* snmpv3.h */ = {isa = PBXFileReference; fileEncoding = 4; lastKnownFileType = sourcecode.c.h; path = snmpv3.h; sourceTree = "<group>"; };
		79A2BC60256D7072002CF878 /* netbiosns_opts.h */ = {isa = PBXFileReference; fileEncoding = 4; lastKnownFileType = sourcecode.c.h; path = netbiosns_opts.h; sourceTree = "<group>"; };
		79A2BC61256D7072002CF878 /* tftp_opts.h */ = {isa = PBXFileReference; fileEncoding = 4; lastKnownFileType = sourcecode.c.h; path = tftp_opts.h; sourceTree = "<group>"; };
		79A2BC62256D7072002CF878 /* snmp_mib2.h */ = {isa = PBXFileReference; fileEncoding = 4; lastKnownFileType = sourcecode.c.h; path = snmp_mib2.h; sourceTree = "<group>"; };
		79A2BC63256D7072002CF878 /* mdns.h */ = {isa = PBXFileReference; fileEncoding = 4; lastKnownFileType = sourcecode.c.h; path = mdns.h; sourceTree = "<group>"; };
		79A2BC64256D7072002CF878 /* netbiosns.h */ = {isa = PBXFileReference; fileEncoding = 4; lastKnownFileType = sourcecode.c.h; path = netbiosns.h; sourceTree = "<group>"; };
		79A2BC65256D7072002CF878 /* snmp_core.h */ = {isa = PBXFileReference; fileEncoding = 4; lastKnownFileType = sourcecode.c.h; path = snmp_core.h; sourceTree = "<group>"; };
		79A2BC66256D7072002CF878 /* tftp_server.h */ = {isa = PBXFileReference; fileEncoding = 4; lastKnownFileType = sourcecode.c.h; path = tftp_server.h; sourceTree = "<group>"; };
		79A2BC67256D7072002CF878 /* snmp.h */ = {isa = PBXFileReference; fileEncoding = 4; lastKnownFileType = sourcecode.c.h; path = snmp.h; sourceTree = "<group>"; };
		79A2BC68256D7072002CF878 /* snmp_table.h */ = {isa = PBXFileReference; fileEncoding = 4; lastKnownFileType = sourcecode.c.h; path = snmp_table.h; sourceTree = "<group>"; };
		79A2BC69256D7072002CF878 /* httpd_opts.h */ = {isa = PBXFileReference; fileEncoding = 4; lastKnownFileType = sourcecode.c.h; path = httpd_opts.h; sourceTree = "<group>"; };
		79A2BC6A256D7072002CF878 /* lwiperf.h */ = {isa = PBXFileReference; fileEncoding = 4; lastKnownFileType = sourcecode.c.h; path = lwiperf.h; sourceTree = "<group>"; };
		79A2BC6B256D7072002CF878 /* mdns_priv.h */ = {isa = PBXFileReference; fileEncoding = 4; lastKnownFileType = sourcecode.c.h; path = mdns_priv.h; sourceTree = "<group>"; };
		79A2BC6C256D7072002CF878 /* mqtt_opts.h */ = {isa = PBXFileReference; fileEncoding = 4; lastKnownFileType = sourcecode.c.h; path = mqtt_opts.h; sourceTree = "<group>"; };
		79A2BC6D256D7072002CF878 /* mqtt.h */ = {isa = PBXFileReference; fileEncoding = 4; lastKnownFileType = sourcecode.c.h; path = mqtt.h; sourceTree = "<group>"; };
		79A2BC6E256D7072002CF878 /* snmp_threadsync.h */ = {isa = PBXFileReference; fileEncoding = 4; lastKnownFileType = sourcecode.c.h; path = snmp_threadsync.h; sourceTree = "<group>"; };
		79A2BC6F256D7072002CF878 /* FILES */ = {isa = PBXFileReference; fileEncoding = 4; lastKnownFileType = text; path = FILES; sourceTree = "<group>"; };
		79A2BC70256D7072002CF878 /* mdns_opts.h */ = {isa = PBXFileReference; fileEncoding = 4; lastKnownFileType = sourcecode.c.h; path = mdns_opts.h; sourceTree = "<group>"; };
		79A2BC71256D7072002CF878 /* fs.h */ = {isa = PBXFileReference; fileEncoding = 4; lastKnownFileType = sourcecode.c.h; path = fs.h; sourceTree = "<group>"; };
		79A2BC72256D7072002CF878 /* sntp_opts.h */ = {isa = PBXFileReference; fileEncoding = 4; lastKnownFileType = sourcecode.c.h; path = sntp_opts.h; sourceTree = "<group>"; };
		79A2BC73256D7072002CF878 /* stats.h */ = {isa = PBXFileReference; fileEncoding = 4; lastKnownFileType = sourcecode.c.h; path = stats.h; sourceTree = "<group>"; };
		79A2BC74256D7072002CF878 /* udp.h */ = {isa = PBXFileReference; fileEncoding = 4; lastKnownFileType = sourcecode.c.h; path = udp.h; sourceTree = "<group>"; };
		79A2BC75256D7072002CF878 /* arch.h */ = {isa = PBXFileReference; fileEncoding = 4; lastKnownFileType = sourcecode.c.h; path = arch.h; sourceTree = "<group>"; };
		79A2BC76256D7072002CF878 /* mld6.h */ = {isa = PBXFileReference; fileEncoding = 4; lastKnownFileType = sourcecode.c.h; path = mld6.h; sourceTree = "<group>"; };
		79A2BC78256D7072002CF878 /* etharp.h */ = {isa = PBXFileReference; fileEncoding = 4; lastKnownFileType = sourcecode.c.h; path = etharp.h; sourceTree = "<group>"; };
		79A2BC79256D7072002CF878 /* lowpan6.h */ = {isa = PBXFileReference; fileEncoding = 4; lastKnownFileType = sourcecode.c.h; path = lowpan6.h; sourceTree = "<group>"; };
		79A2BC7A256D7072002CF878 /* lowpan6_opts.h */ = {isa = PBXFileReference; fileEncoding = 4; lastKnownFileType = sourcecode.c.h; path = lowpan6_opts.h; sourceTree = "<group>"; };
		79A2BC7C256D7072002CF878 /* ccp.h */ = {isa = PBXFileReference; fileEncoding = 4; lastKnownFileType = sourcecode.c.h; path = ccp.h; sourceTree = "<group>"; };
		79A2BC7D256D7072002CF878 /* chap-md5.h */ = {isa = PBXFileReference; fileEncoding = 4; lastKnownFileType = sourcecode.c.h; path = "chap-md5.h"; sourceTree = "<group>"; };
		79A2BC7E256D7072002CF878 /* magic.h */ = {isa = PBXFileReference; fileEncoding = 4; lastKnownFileType = sourcecode.c.h; path = magic.h; sourceTree = "<group>"; };
		79A2BC7F256D7072002CF878 /* ecp.h */ = {isa = PBXFileReference; fileEncoding = 4; lastKnownFileType = sourcecode.c.h; path = ecp.h; sourceTree = "<group>"; };
		79A2BC80256D7072002CF878 /* upap.h */ = {isa = PBXFileReference; fileEncoding = 4; lastKnownFileType = sourcecode.c.h; path = upap.h; sourceTree = "<group>"; };
		79A2BC81256D7072002CF878 /* chap-new.h */ = {isa = PBXFileReference; fileEncoding = 4; lastKnownFileType = sourcecode.c.h; path = "chap-new.h"; sourceTree = "<group>"; };
		79A2BC82256D7072002CF878 /* ipcp.h */ = {isa = PBXFileReference; fileEncoding = 4; lastKnownFileType = sourcecode.c.h; path = ipcp.h; sourceTree = "<group>"; };
		79A2BC83256D7072002CF878 /* ppp.h */ = {isa = PBXFileReference; fileEncoding = 4; lastKnownFileType = sourcecode.c.h; path = ppp.h; sourceTree = "<group>"; };
		79A2BC84256D7072002CF878 /* fsm.h */ = {isa = PBXFileReference; fileEncoding = 4; lastKnownFileType = sourcecode.c.h; path = fsm.h; sourceTree = "<group>"; };
		79A2BC86256D7072002CF878 /* md5.h */ = {isa = PBXFileReference; fileEncoding = 4; lastKnownFileType = sourcecode.c.h; path = md5.h; sourceTree = "<group>"; };
		79A2BC87256D7072002CF878 /* arc4.h */ = {isa = PBXFileReference; fileEncoding = 4; lastKnownFileType = sourcecode.c.h; path = arc4.h; sourceTree = "<group>"; };
		79A2BC88256D7072002CF878 /* md4.h */ = {isa = PBXFileReference; fileEncoding = 4; lastKnownFileType = sourcecode.c.h; path = md4.h; sourceTree = "<group>"; };
		79A2BC89256D7072002CF878 /* des.h */ = {isa = PBXFileReference; fileEncoding = 4; lastKnownFileType = sourcecode.c.h; path = des.h; sourceTree = "<group>"; };
		79A2BC8A256D7072002CF878 /* sha1.h */ = {isa = PBXFileReference; fileEncoding = 4; lastKnownFileType = sourcecode.c.h; path = sha1.h; sourceTree = "<group>"; };
		79A2BC8B256D7072002CF878 /* pppdebug.h */ = {isa = PBXFileReference; fileEncoding = 4; lastKnownFileType = sourcecode.c.h; path = pppdebug.h; sourceTree = "<group>"; };
		79A2BC8C256D7072002CF878 /* ppp_impl.h */ = {isa = PBXFileReference; fileEncoding = 4; lastKnownFileType = sourcecode.c.h; path = ppp_impl.h; sourceTree = "<group>"; };
		79A2BC8D256D7072002CF878 /* vj.h */ = {isa = PBXFileReference; fileEncoding = 4; lastKnownFileType = sourcecode.c.h; path = vj.h; sourceTree = "<group>"; };
		79A2BC8E256D7072002CF878 /* ppp_opts.h */ = {isa = PBXFileReference; fileEncoding = 4; lastKnownFileType = sourcecode.c.h; path = ppp_opts.h; sourceTree = "<group>"; };
		79A2BC8F256D7072002CF878 /* pppol2tp.h */ = {isa = PBXFileReference; fileEncoding = 4; lastKnownFileType = sourcecode.c.h; path = pppol2tp.h; sourceTree = "<group>"; };
		79A2BC90256D7072002CF878 /* pppapi.h */ = {isa = PBXFileReference; fileEncoding = 4; lastKnownFileType = sourcecode.c.h; path = pppapi.h; sourceTree = "<group>"; };
		79A2BC91256D7072002CF878 /* pppoe.h */ = {isa = PBXFileReference; fileEncoding = 4; lastKnownFileType = sourcecode.c.h; path = pppoe.h; sourceTree = "<group>"; };
		79A2BC92256D7072002CF878 /* eui64.h */ = {isa = PBXFileReference; fileEncoding = 4; lastKnownFileType = sourcecode.c.h; path = eui64.h; sourceTree = "<group>"; };
		79A2BC93256D7072002CF878 /* mppe.h */ = {isa = PBXFileReference; fileEncoding = 4; lastKnownFileType = sourcecode.c.h; path = mppe.h; sourceTree = "<group>"; };
		79A2BC94256D7072002CF878 /* ipv6cp.h */ = {isa = PBXFileReference; fileEncoding = 4; lastKnownFileType = sourcecode.c.h; path = ipv6cp.h; sourceTree = "<group>"; };
		79A2BC95256D7072002CF878 /* lcp.h */ = {isa = PBXFileReference; fileEncoding = 4; lastKnownFileType = sourcecode.c.h; path = lcp.h; sourceTree = "<group>"; };
		79A2BC96256D7072002CF878 /* pppos.h */ = {isa = PBXFileReference; fileEncoding = 4; lastKnownFileType = sourcecode.c.h; path = pppos.h; sourceTree = "<group>"; };
		79A2BC97256D7072002CF878 /* eap.h */ = {isa = PBXFileReference; fileEncoding = 4; lastKnownFileType = sourcecode.c.h; path = eap.h; sourceTree = "<group>"; };
		79A2BC98256D7072002CF878 /* chap_ms.h */ = {isa = PBXFileReference; fileEncoding = 4; lastKnownFileType = sourcecode.c.h; path = chap_ms.h; sourceTree = "<group>"; };
		79A2BC99256D7072002CF878 /* pppcrypt.h */ = {isa = PBXFileReference; fileEncoding = 4; lastKnownFileType = sourcecode.c.h; path = pppcrypt.h; sourceTree = "<group>"; };
		79A2BC9A256D7072002CF878 /* ethernet.h */ = {isa = PBXFileReference; fileEncoding = 4; lastKnownFileType = sourcecode.c.h; path = ethernet.h; sourceTree = "<group>"; };
		79A2BC9B256D7072002CF878 /* slipif.h */ = {isa = PBXFileReference; fileEncoding = 4; lastKnownFileType = sourcecode.c.h; path = slipif.h; sourceTree = "<group>"; };
		79A2BCC3256D7124002CF878 /* cc.h */ = {isa = PBXFileReference; fileEncoding = 4; lastKnownFileType = sourcecode.c.h; path = cc.h; sourceTree = "<group>"; };
		79A2BCC6256D7163002CF878 /* lwipopts.h */ = {isa = PBXFileReference; fileEncoding = 4; lastKnownFileType = sourcecode.c.h; path = lwipopts.h; sourceTree = "<group>"; };
/* End PBXFileReference section */

/* Begin PBXFrameworksBuildPhase section */
		79A2BBDB256D7012002CF878 /* Frameworks */ = {
			isa = PBXFrameworksBuildPhase;
			buildActionMask = 2147483647;
			files = (
			);
			runOnlyForDeploymentPostprocessing = 0;
		};
/* End PBXFrameworksBuildPhase section */

/* Begin PBXGroup section */
		79A2BBD5256D7012002CF878 = {
			isa = PBXGroup;
			children = (
				79A2BBE0256D7012002CF878 /* lwip */,
				79A2BBDF256D7012002CF878 /* Products */,
			);
			sourceTree = "<group>";
		};
		79A2BBDF256D7012002CF878 /* Products */ = {
			isa = PBXGroup;
			children = (
				79A2BBDE256D7012002CF878 /* liblwip.a */,
			);
			name = Products;
			sourceTree = "<group>";
		};
		79A2BBE0256D7012002CF878 /* lwip */ = {
			isa = PBXGroup;
			children = (
				79A2BC12256D7071002CF878 /* include */,
				79A2BBED256D7071002CF878 /* src */,
			);
			path = lwip;
			sourceTree = "<group>";
		};
		79A2BBED256D7071002CF878 /* src */ = {
			isa = PBXGroup;
			children = (
				79A2BBEE256D7071002CF878 /* memp.c */,
				79A2BBEF256D7071002CF878 /* sys.c */,
				79A2BBF0256D7071002CF878 /* inet_chksum.c */,
				79A2BBF1256D7071002CF878 /* raw.c */,
				79A2BBF2256D7071002CF878 /* tcp_out.c */,
				79A2BBF3256D7071002CF878 /* ip.c */,
				79A2BBF4256D7071002CF878 /* dns.c */,
				79A2BBF5256D7071002CF878 /* init.c */,
				79A2BBF6256D7071002CF878 /* mem.c */,
				79A2BBF7256D7071002CF878 /* def.c */,
				79A2BBF8256D7071002CF878 /* udp.c */,
				79A2BBF9256D7071002CF878 /* stats.c */,
				79A2BBFA256D7071002CF878 /* tcp_in.c */,
				79A2BBFB256D7071002CF878 /* ipv4 */,
				79A2BC04256D7071002CF878 /* netif.c */,
				79A2BC05256D7071002CF878 /* tcp.c */,
				79A2BC06256D7071002CF878 /* pbuf.c */,
				79A2BC07256D7071002CF878 /* timeouts.c */,
				79A2BC08256D7071002CF878 /* ipv6 */,
			);
			path = src;
			sourceTree = "<group>";
		};
		79A2BBFB256D7071002CF878 /* ipv4 */ = {
			isa = PBXGroup;
			children = (
				79A2BBFC256D7071002CF878 /* autoip.c */,
				79A2BBFD256D7071002CF878 /* dhcp.c */,
				79A2BBFE256D7071002CF878 /* igmp.c */,
				79A2BBFF256D7071002CF878 /* etharp.c */,
				79A2BC00256D7071002CF878 /* icmp.c */,
				79A2BC01256D7071002CF878 /* ip4.c */,
				79A2BC02256D7071002CF878 /* ip4_frag.c */,
				79A2BC03256D7071002CF878 /* ip4_addr.c */,
			);
			path = ipv4;
			sourceTree = "<group>";
		};
		79A2BC08256D7071002CF878 /* ipv6 */ = {
			isa = PBXGroup;
			children = (
				79A2BC09256D7071002CF878 /* ip6.c */,
				79A2BC0A256D7071002CF878 /* icmp6.c */,
				79A2BC0B256D7071002CF878 /* mld6.c */,
				79A2BC0C256D7071002CF878 /* dhcp6.c */,
				79A2BC0D256D7071002CF878 /* ethip6.c */,
				79A2BC0E256D7071002CF878 /* nd6.c */,
				79A2BC0F256D7071002CF878 /* inet6.c */,
				79A2BC10256D7071002CF878 /* ip6_addr.c */,
				79A2BC11256D7071002CF878 /* ip6_frag.c */,
			);
			path = ipv6;
			sourceTree = "<group>";
		};
		79A2BC12256D7071002CF878 /* include */ = {
			isa = PBXGroup;
			children = (
				79A2BC13256D7071002CF878 /* posix */,
				79A2BC18256D7071002CF878 /* lwip */,
				79A2BC77256D7072002CF878 /* netif */,
				79A2BC9C256D7072002CF878 /* arch */,
			);
			path = include;
			sourceTree = "<group>";
		};
		79A2BC13256D7071002CF878 /* posix */ = {
			isa = PBXGroup;
			children = (
				79A2BC14256D7071002CF878 /* sys */,
				79A2BC16256D7071002CF878 /* netdb.h */,
				79A2BC17256D7071002CF878 /* errno.h */,
			);
			path = posix;
			sourceTree = "<group>";
		};
		79A2BC14256D7071002CF878 /* sys */ = {
			isa = PBXGroup;
			children = (
				79A2BC15256D7071002CF878 /* socket.h */,
			);
			path = sys;
			sourceTree = "<group>";
		};
		79A2BC18256D7071002CF878 /* lwip */ = {
			isa = PBXGroup;
			children = (
				79A2BCC6256D7163002CF878 /* lwipopts.h */,
				79A2BC19256D7071002CF878 /* pbuf.h */,
				79A2BC1A256D7071002CF878 /* tcp.h */,
				79A2BC1B256D7071002CF878 /* nd6.h */,
				79A2BC1C256D7071002CF878 /* err.h */,
				79A2BC1D256D7071002CF878 /* etharp.h */,
				79A2BC1E256D7071002CF878 /* igmp.h */,
				79A2BC1F256D7071002CF878 /* netif.h */,
				79A2BC20256D7071002CF878 /* sio.h */,
				79A2BC21256D7071002CF878 /* debug.h */,
				79A2BC22256D7071002CF878 /* ethip6.h */,
				79A2BC23256D7071002CF878 /* tcpip.h */,
				79A2BC24256D7071002CF878 /* ip4.h */,
				79A2BC25256D7071002CF878 /* icmp.h */,
				79A2BC26256D7071002CF878 /* timeouts.h */,
				79A2BC27256D7071002CF878 /* snmp.h */,
				79A2BC28256D7071002CF878 /* ip4_frag.h */,
				79A2BC29256D7071002CF878 /* ip6_addr.h */,
				79A2BC2A256D7071002CF878 /* netifapi.h */,
				79A2BC2B256D7071002CF878 /* inet.h */,
				79A2BC2C256D7071002CF878 /* ip6_frag.h */,
				79A2BC2D256D7071002CF878 /* ip4_addr.h */,
				79A2BC2E256D7071002CF878 /* netbuf.h */,
				79A2BC2F256D7071002CF878 /* api.h */,
				79A2BC30256D7071002CF878 /* dhcp.h */,
				79A2BC31256D7071002CF878 /* autoip.h */,
				79A2BC32256D7071002CF878 /* memp.h */,
				79A2BC33256D7071002CF878 /* prot */,
				79A2BC43256D7072002CF878 /* sockets.h */,
				79A2BC44256D7072002CF878 /* priv */,
				79A2BC4B256D7072002CF878 /* ip_addr.h */,
				79A2BC4C256D7072002CF878 /* opt.h */,
				79A2BC4D256D7072002CF878 /* inet_chksum.h */,
				79A2BC4E256D7072002CF878 /* raw.h */,
				79A2BC4F256D7072002CF878 /* ip6.h */,
				79A2BC50256D7072002CF878 /* sys.h */,
				79A2BC51256D7072002CF878 /* netdb.h */,
				79A2BC52256D7072002CF878 /* errno.h */,
				79A2BC53256D7072002CF878 /* def.h */,
				79A2BC54256D7072002CF878 /* mem.h */,
				79A2BC55256D7072002CF878 /* dns.h */,
				79A2BC56256D7072002CF878 /* icmp6.h */,
				79A2BC57256D7072002CF878 /* ip.h */,
				79A2BC58256D7072002CF878 /* init.h */,
				79A2BC59256D7072002CF878 /* dhcp6.h */,
				79A2BC5A256D7072002CF878 /* apps */,
				79A2BC73256D7072002CF878 /* stats.h */,
				79A2BC74256D7072002CF878 /* udp.h */,
				79A2BC75256D7072002CF878 /* arch.h */,
				79A2BC76256D7072002CF878 /* mld6.h */,
			);
			path = lwip;
			sourceTree = "<group>";
		};
		79A2BC33256D7071002CF878 /* prot */ = {
			isa = PBXGroup;
			children = (
				79A2BC34256D7071002CF878 /* tcp.h */,
				79A2BC35256D7071002CF878 /* nd6.h */,
				79A2BC36256D7072002CF878 /* etharp.h */,
				79A2BC37256D7072002CF878 /* igmp.h */,
				79A2BC38256D7072002CF878 /* ip4.h */,
				79A2BC39256D7072002CF878 /* icmp.h */,
				79A2BC3A256D7072002CF878 /* ethernet.h */,
				79A2BC3B256D7072002CF878 /* dhcp.h */,
				79A2BC3C256D7072002CF878 /* autoip.h */,
				79A2BC3D256D7072002CF878 /* ip6.h */,
				79A2BC3E256D7072002CF878 /* dns.h */,
				79A2BC3F256D7072002CF878 /* icmp6.h */,
				79A2BC40256D7072002CF878 /* ip.h */,
				79A2BC41256D7072002CF878 /* udp.h */,
				79A2BC42256D7072002CF878 /* mld6.h */,
			);
			path = prot;
			sourceTree = "<group>";
		};
		79A2BC44256D7072002CF878 /* priv */ = {
			isa = PBXGroup;
			children = (
				79A2BC45256D7072002CF878 /* tcpip_priv.h */,
				79A2BC46256D7072002CF878 /* nd6_priv.h */,
				79A2BC47256D7072002CF878 /* api_msg.h */,
				79A2BC48256D7072002CF878 /* tcp_priv.h */,
				79A2BC49256D7072002CF878 /* memp_priv.h */,
				79A2BC4A256D7072002CF878 /* memp_std.h */,
			);
			path = priv;
			sourceTree = "<group>";
		};
		79A2BC5A256D7072002CF878 /* apps */ = {
			isa = PBXGroup;
			children = (
				79A2BC5B256D7072002CF878 /* sntp.h */,
				79A2BC5C256D7072002CF878 /* snmp_opts.h */,
				79A2BC5D256D7072002CF878 /* httpd.h */,
				79A2BC5E256D7072002CF878 /* snmp_scalar.h */,
				79A2BC5F256D7072002CF878 /* snmpv3.h */,
				79A2BC60256D7072002CF878 /* netbiosns_opts.h */,
				79A2BC61256D7072002CF878 /* tftp_opts.h */,
				79A2BC62256D7072002CF878 /* snmp_mib2.h */,
				79A2BC63256D7072002CF878 /* mdns.h */,
				79A2BC64256D7072002CF878 /* netbiosns.h */,
				79A2BC65256D7072002CF878 /* snmp_core.h */,
				79A2BC66256D7072002CF878 /* tftp_server.h */,
				79A2BC67256D7072002CF878 /* snmp.h */,
				79A2BC68256D7072002CF878 /* snmp_table.h */,
				79A2BC69256D7072002CF878 /* httpd_opts.h */,
				79A2BC6A256D7072002CF878 /* lwiperf.h */,
				79A2BC6B256D7072002CF878 /* mdns_priv.h */,
				79A2BC6C256D7072002CF878 /* mqtt_opts.h */,
				79A2BC6D256D7072002CF878 /* mqtt.h */,
				79A2BC6E256D7072002CF878 /* snmp_threadsync.h */,
				79A2BC6F256D7072002CF878 /* FILES */,
				79A2BC70256D7072002CF878 /* mdns_opts.h */,
				79A2BC71256D7072002CF878 /* fs.h */,
				79A2BC72256D7072002CF878 /* sntp_opts.h */,
			);
			path = apps;
			sourceTree = "<group>";
		};
		79A2BC77256D7072002CF878 /* netif */ = {
			isa = PBXGroup;
			children = (
				79A2BC78256D7072002CF878 /* etharp.h */,
				79A2BC79256D7072002CF878 /* lowpan6.h */,
				79A2BC7A256D7072002CF878 /* lowpan6_opts.h */,
				79A2BC7B256D7072002CF878 /* ppp */,
				79A2BC9A256D7072002CF878 /* ethernet.h */,
				79A2BC9B256D7072002CF878 /* slipif.h */,
			);
			path = netif;
			sourceTree = "<group>";
		};
		79A2BC7B256D7072002CF878 /* ppp */ = {
			isa = PBXGroup;
			children = (
				79A2BC7C256D7072002CF878 /* ccp.h */,
				79A2BC7D256D7072002CF878 /* chap-md5.h */,
				79A2BC7E256D7072002CF878 /* magic.h */,
				79A2BC7F256D7072002CF878 /* ecp.h */,
				79A2BC80256D7072002CF878 /* upap.h */,
				79A2BC81256D7072002CF878 /* chap-new.h */,
				79A2BC82256D7072002CF878 /* ipcp.h */,
				79A2BC83256D7072002CF878 /* ppp.h */,
				79A2BC84256D7072002CF878 /* fsm.h */,
				79A2BC85256D7072002CF878 /* polarssl */,
				79A2BC8B256D7072002CF878 /* pppdebug.h */,
				79A2BC8C256D7072002CF878 /* ppp_impl.h */,
				79A2BC8D256D7072002CF878 /* vj.h */,
				79A2BC8E256D7072002CF878 /* ppp_opts.h */,
				79A2BC8F256D7072002CF878 /* pppol2tp.h */,
				79A2BC90256D7072002CF878 /* pppapi.h */,
				79A2BC91256D7072002CF878 /* pppoe.h */,
				79A2BC92256D7072002CF878 /* eui64.h */,
				79A2BC93256D7072002CF878 /* mppe.h */,
				79A2BC94256D7072002CF878 /* ipv6cp.h */,
				79A2BC95256D7072002CF878 /* lcp.h */,
				79A2BC96256D7072002CF878 /* pppos.h */,
				79A2BC97256D7072002CF878 /* eap.h */,
				79A2BC98256D7072002CF878 /* chap_ms.h */,
				79A2BC99256D7072002CF878 /* pppcrypt.h */,
			);
			path = ppp;
			sourceTree = "<group>";
		};
		79A2BC85256D7072002CF878 /* polarssl */ = {
			isa = PBXGroup;
			children = (
				79A2BC86256D7072002CF878 /* md5.h */,
				79A2BC87256D7072002CF878 /* arc4.h */,
				79A2BC88256D7072002CF878 /* md4.h */,
				79A2BC89256D7072002CF878 /* des.h */,
				79A2BC8A256D7072002CF878 /* sha1.h */,
			);
			path = polarssl;
			sourceTree = "<group>";
		};
		79A2BC9C256D7072002CF878 /* arch */ = {
			isa = PBXGroup;
			children = (
				79A2BCC3256D7124002CF878 /* cc.h */,
			);
			path = arch;
			sourceTree = "<group>";
		};
/* End PBXGroup section */

/* Begin PBXNativeTarget section */
		79A2BBDD256D7012002CF878 /* lwip */ = {
			isa = PBXNativeTarget;
			buildConfigurationList = 79A2BBE7256D7012002CF878 /* Build configuration list for PBXNativeTarget "lwip" */;
			buildPhases = (
				79A2BBDA256D7012002CF878 /* Sources */,
				79A2BBDB256D7012002CF878 /* Frameworks */,
				79A2BBDC256D7012002CF878 /* CopyFiles */,
			);
			buildRules = (
			);
			dependencies = (
			);
			name = lwip;
			productName = lwip;
			productReference = 79A2BBDE256D7012002CF878 /* liblwip.a */;
			productType = "com.apple.product-type.library.static";
		};
/* End PBXNativeTarget section */

/* Begin PBXProject section */
		79A2BBD6256D7012002CF878 /* Project object */ = {
			isa = PBXProject;
			attributes = {
				LastUpgradeCheck = 1220;
				TargetAttributes = {
					79A2BBDD256D7012002CF878 = {
						CreatedOnToolsVersion = 12.2;
					};
				};
			};
			buildConfigurationList = 79A2BBD9256D7012002CF878 /* Build configuration list for PBXProject "lwip" */;
			compatibilityVersion = "Xcode 9.3";
			developmentRegion = en;
			hasScannedForEncodings = 0;
			knownRegions = (
				en,
				Base,
			);
			mainGroup = 79A2BBD5256D7012002CF878;
			productRefGroup = 79A2BBDF256D7012002CF878 /* Products */;
			projectDirPath = "";
			projectRoot = "";
			targets = (
				79A2BBDD256D7012002CF878 /* lwip */,
			);
		};
/* End PBXProject section */

/* Begin PBXSourcesBuildPhase section */
		79A2BBDA256D7012002CF878 /* Sources */ = {
			isa = PBXSourcesBuildPhase;
			buildActionMask = 2147483647;
			files = (
				79A2BCB4256D7073002CF878 /* tcp.c in Sources */,
				79A2BCBF256D7073002CF878 /* ip6_frag.c in Sources */,
				79A2BCB0256D7073002CF878 /* ip4.c in Sources */,
				79A2BCA8256D7073002CF878 /* udp.c in Sources */,
				79A2BCB6256D7073002CF878 /* timeouts.c in Sources */,
				79A2BCAE256D7073002CF878 /* etharp.c in Sources */,
				79A2BCAB256D7073002CF878 /* autoip.c in Sources */,
				79A2BCA3256D7073002CF878 /* ip.c in Sources */,
				79A2BCA7256D7073002CF878 /* def.c in Sources */,
				79A2BCAD256D7073002CF878 /* igmp.c in Sources */,
				79A2BCBB256D7073002CF878 /* ethip6.c in Sources */,
				79A2BCAA256D7073002CF878 /* tcp_in.c in Sources */,
				79A2BCB3256D7073002CF878 /* netif.c in Sources */,
				79A2BCAC256D7073002CF878 /* dhcp.c in Sources */,
				79A2BCA9256D7073002CF878 /* stats.c in Sources */,
				79A2BCB5256D7073002CF878 /* pbuf.c in Sources */,
				79A2BCA4256D7073002CF878 /* dns.c in Sources */,
				79A2BCB8256D7073002CF878 /* icmp6.c in Sources */,
				79A2BCBE256D7073002CF878 /* ip6_addr.c in Sources */,
				79A2BCB2256D7073002CF878 /* ip4_addr.c in Sources */,
				79A2BCA2256D7073002CF878 /* tcp_out.c in Sources */,
				79A2BCB9256D7073002CF878 /* mld6.c in Sources */,
				79A2BCBA256D7073002CF878 /* dhcp6.c in Sources */,
				79A2BCA6256D7073002CF878 /* mem.c in Sources */,
				79A2BCA5256D7073002CF878 /* init.c in Sources */,
				79A2BCB7256D7073002CF878 /* ip6.c in Sources */,
				79A2BCA1256D7073002CF878 /* raw.c in Sources */,
				79A2BCB1256D7073002CF878 /* ip4_frag.c in Sources */,
				79A2BC9E256D7073002CF878 /* memp.c in Sources */,
				79A2BC9F256D7073002CF878 /* sys.c in Sources */,
				79A2BCBC256D7073002CF878 /* nd6.c in Sources */,
				79A2BCAF256D7073002CF878 /* icmp.c in Sources */,
				79A2BCBD256D7073002CF878 /* inet6.c in Sources */,
				79A2BCA0256D7073002CF878 /* inet_chksum.c in Sources */,
			);
			runOnlyForDeploymentPostprocessing = 0;
		};
/* End PBXSourcesBuildPhase section */

/* Begin XCBuildConfiguration section */
		79A2BBE5256D7012002CF878 /* Debug */ = {
			isa = XCBuildConfiguration;
			buildSettings = {
				ALWAYS_SEARCH_USER_PATHS = NO;
				CLANG_ANALYZER_NONNULL = YES;
				CLANG_ANALYZER_NUMBER_OBJECT_CONVERSION = YES_AGGRESSIVE;
				CLANG_CXX_LANGUAGE_STANDARD = "gnu++14";
				CLANG_CXX_LIBRARY = "libc++";
				CLANG_ENABLE_MODULES = YES;
				CLANG_ENABLE_OBJC_ARC = YES;
				CLANG_ENABLE_OBJC_WEAK = YES;
				CLANG_WARN_BLOCK_CAPTURE_AUTORELEASING = YES;
				CLANG_WARN_BOOL_CONVERSION = YES;
				CLANG_WARN_COMMA = YES;
				CLANG_WARN_CONSTANT_CONVERSION = YES;
				CLANG_WARN_DEPRECATED_OBJC_IMPLEMENTATIONS = YES;
				CLANG_WARN_DIRECT_OBJC_ISA_USAGE = YES_ERROR;
				CLANG_WARN_DOCUMENTATION_COMMENTS = YES;
				CLANG_WARN_EMPTY_BODY = YES;
				CLANG_WARN_ENUM_CONVERSION = YES;
				CLANG_WARN_INFINITE_RECURSION = YES;
				CLANG_WARN_INT_CONVERSION = YES;
				CLANG_WARN_NON_LITERAL_NULL_CONVERSION = YES;
				CLANG_WARN_OBJC_IMPLICIT_RETAIN_SELF = YES;
				CLANG_WARN_OBJC_LITERAL_CONVERSION = YES;
				CLANG_WARN_OBJC_ROOT_CLASS = YES_ERROR;
				CLANG_WARN_QUOTED_INCLUDE_IN_FRAMEWORK_HEADER = YES;
				CLANG_WARN_RANGE_LOOP_ANALYSIS = YES;
				CLANG_WARN_STRICT_PROTOTYPES = YES;
				CLANG_WARN_SUSPICIOUS_MOVE = YES;
				CLANG_WARN_UNGUARDED_AVAILABILITY = YES_AGGRESSIVE;
				CLANG_WARN_UNREACHABLE_CODE = YES;
				CLANG_WARN__DUPLICATE_METHOD_MATCH = YES;
				COPY_PHASE_STRIP = NO;
				DEBUG_INFORMATION_FORMAT = dwarf;
				ENABLE_STRICT_OBJC_MSGSEND = YES;
				ENABLE_TESTABILITY = YES;
				GCC_C_LANGUAGE_STANDARD = gnu11;
				GCC_DYNAMIC_NO_PIC = NO;
				GCC_NO_COMMON_BLOCKS = YES;
				GCC_OPTIMIZATION_LEVEL = 0;
				GCC_PREPROCESSOR_DEFINITIONS = (
					"DEBUG=1",
					"$(inherited)",
				);
				GCC_WARN_64_TO_32_BIT_CONVERSION = YES;
				GCC_WARN_ABOUT_RETURN_TYPE = YES_ERROR;
				GCC_WARN_UNDECLARED_SELECTOR = YES;
				GCC_WARN_UNINITIALIZED_AUTOS = YES_AGGRESSIVE;
				GCC_WARN_UNUSED_FUNCTION = YES;
				GCC_WARN_UNUSED_VARIABLE = YES;
				IPHONEOS_DEPLOYMENT_TARGET = 14.2;
				MTL_ENABLE_DEBUG_INFO = INCLUDE_SOURCE;
				MTL_FAST_MATH = YES;
				ONLY_ACTIVE_ARCH = YES;
				SDKROOT = iphoneos;
			};
			name = Debug;
		};
		79A2BBE6256D7012002CF878 /* Release */ = {
			isa = XCBuildConfiguration;
			buildSettings = {
				ALWAYS_SEARCH_USER_PATHS = NO;
				CLANG_ANALYZER_NONNULL = YES;
				CLANG_ANALYZER_NUMBER_OBJECT_CONVERSION = YES_AGGRESSIVE;
				CLANG_CXX_LANGUAGE_STANDARD = "gnu++14";
				CLANG_CXX_LIBRARY = "libc++";
				CLANG_ENABLE_MODULES = YES;
				CLANG_ENABLE_OBJC_ARC = YES;
				CLANG_ENABLE_OBJC_WEAK = YES;
				CLANG_WARN_BLOCK_CAPTURE_AUTORELEASING = YES;
				CLANG_WARN_BOOL_CONVERSION = YES;
				CLANG_WARN_COMMA = YES;
				CLANG_WARN_CONSTANT_CONVERSION = YES;
				CLANG_WARN_DEPRECATED_OBJC_IMPLEMENTATIONS = YES;
				CLANG_WARN_DIRECT_OBJC_ISA_USAGE = YES_ERROR;
				CLANG_WARN_DOCUMENTATION_COMMENTS = YES;
				CLANG_WARN_EMPTY_BODY = YES;
				CLANG_WARN_ENUM_CONVERSION = YES;
				CLANG_WARN_INFINITE_RECURSION = YES;
				CLANG_WARN_INT_CONVERSION = YES;
				CLANG_WARN_NON_LITERAL_NULL_CONVERSION = YES;
				CLANG_WARN_OBJC_IMPLICIT_RETAIN_SELF = YES;
				CLANG_WARN_OBJC_LITERAL_CONVERSION = YES;
				CLANG_WARN_OBJC_ROOT_CLASS = YES_ERROR;
				CLANG_WARN_QUOTED_INCLUDE_IN_FRAMEWORK_HEADER = YES;
				CLANG_WARN_RANGE_LOOP_ANALYSIS = YES;
				CLANG_WARN_STRICT_PROTOTYPES = YES;
				CLANG_WARN_SUSPICIOUS_MOVE = YES;
				CLANG_WARN_UNGUARDED_AVAILABILITY = YES_AGGRESSIVE;
				CLANG_WARN_UNREACHABLE_CODE = YES;
				CLANG_WARN__DUPLICATE_METHOD_MATCH = YES;
				COPY_PHASE_STRIP = NO;
				DEBUG_INFORMATION_FORMAT = "dwarf-with-dsym";
				ENABLE_NS_ASSERTIONS = NO;
				ENABLE_STRICT_OBJC_MSGSEND = YES;
				GCC_C_LANGUAGE_STANDARD = gnu11;
				GCC_NO_COMMON_BLOCKS = YES;
				GCC_WARN_64_TO_32_BIT_CONVERSION = YES;
				GCC_WARN_ABOUT_RETURN_TYPE = YES_ERROR;
				GCC_WARN_UNDECLARED_SELECTOR = YES;
				GCC_WARN_UNINITIALIZED_AUTOS = YES_AGGRESSIVE;
				GCC_WARN_UNUSED_FUNCTION = YES;
				GCC_WARN_UNUSED_VARIABLE = YES;
				IPHONEOS_DEPLOYMENT_TARGET = 14.2;
				MTL_ENABLE_DEBUG_INFO = NO;
				MTL_FAST_MATH = YES;
				SDKROOT = iphoneos;
				VALIDATE_PRODUCT = YES;
			};
			name = Release;
		};
		79A2BBE8256D7012002CF878 /* Debug */ = {
			isa = XCBuildConfiguration;
			buildSettings = {
				CODE_SIGN_STYLE = Automatic;
				DEVELOPMENT_TEAM = WDE622528T;
				OTHER_LDFLAGS = "-ObjC";
				PRODUCT_NAME = "$(TARGET_NAME)";
				SKIP_INSTALL = YES;
				TARGETED_DEVICE_FAMILY = "1,2";
				USER_HEADER_SEARCH_PATHS = "${SRCROOT}/lwip/include";
			};
			name = Debug;
		};
		79A2BBE9256D7012002CF878 /* Release */ = {
			isa = XCBuildConfiguration;
			buildSettings = {
				CODE_SIGN_STYLE = Automatic;
				DEVELOPMENT_TEAM = WDE622528T;
				OTHER_LDFLAGS = "-ObjC";
				PRODUCT_NAME = "$(TARGET_NAME)";
				SKIP_INSTALL = YES;
				TARGETED_DEVICE_FAMILY = "1,2";
				USER_HEADER_SEARCH_PATHS = "${SRCROOT}/lwip/include";
			};
			name = Release;
		};
/* End XCBuildConfiguration section */

/* Begin XCConfigurationList section */
		79A2BBD9256D7012002CF878 /* Build configuration list for PBXProject "lwip" */ = {
			isa = XCConfigurationList;
			buildConfigurations = (
				79A2BBE5256D7012002CF878 /* Debug */,
				79A2BBE6256D7012002CF878 /* Release */,
			);
			defaultConfigurationIsVisible = 0;
			defaultConfigurationName = Release;
		};
		79A2BBE7256D7012002CF878 /* Build configuration list for PBXNativeTarget "lwip" */ = {
			isa = XCConfigurationList;
			buildConfigurations = (
				79A2BBE8256D7012002CF878 /* Debug */,
				79A2BBE9256D7012002CF878 /* Release */,
			);
			defaultConfigurationIsVisible = 0;
			defaultConfigurationName = Release;
		};
/* End XCConfigurationList section */
	};
	rootObject = 79A2BBD6256D7012002CF878 /* Project object */;
}
